{
  "object": {
    "pins": [
      {
        "package": "RealmDatabase",
        "repositoryURL": "https://github.com/realm/realm-core",
        "state": {
          "branch": null,
          "revision": "c3c11a841642ac93c27bd1edd61f989fc0bfb809",
          "version": "11.6.1"
        }
      },
      {
        "package": "Realm",
        "repositoryURL": "https://github.com/realm/realm-swift.git",
        "state": {
          "branch": "master",
          "revision": "723df39f79f7c3b6251d7910734575e85c13086f",
          "version": null
        }
      },
      {
        "package": "Sliders",
        "repositoryURL": "git@github.com:spacenation/swiftui-sliders.git",
        "state": {
          "branch": "master",
          "revision": "518bed3bfc7bd522f3c49404a0d1efb98fa1bf2c",
          "version": null
        }
      },
      {
        "package": "SwiftUIX",
        "repositoryURL": "https://github.com/SwiftUIX/SwiftUIX",
        "state": {
          "branch": "master",
          "revision": "e5ad3d85eafd5cd65e78cf6db23ff3acb0fea82d",
          "version": null
        }
      }
    ]
  },
  "version": 1
}
